
Microsoft Visual Studio Solution File, Format Version 12.00
# Visual Studio 15
VisualStudioVersion = 15.0.28307.489
MinimumVisualStudioVersion = 10.0.40219.1
Project("{FAE04EC0-301F-11D3-BF4B-00C04F79EFBC}") = "ChatServer", "ChatServer\ChatServer.csproj", "{58A94AB0-05B9-4768-A5C2-D1D687B655A7}"
EndProject
Global
	GlobalSection(SolutionConfigurationPlatforms) = preSolution
		Debug|Any CPU = Debug|Any CPU
		Release|Any CPU = Release|Any CPU
	EndGlobalSection
	GlobalSection(ProjectConfigurationPlatforms) = postSolution
		{58A94AB0-05B9-4768-A5C2-D1D687B655A7}.Debug|Any CPU.ActiveCfg = Debug|Any CPU
		{58A94AB0-05B9-4768-A5C2-D1D687B655A7}.Debug|Any CPU.Build.0 = Debug|Any CPU
		{58A94AB0-05B9-4768-A5C2-D1D687B655A7}.Release|Any CPU.ActiveCfg = Release|Any CPU
		{58A94AB0-05B9-4768-A5C2-D1D687B655A7}.Release|Any CPU.Build.0 = Release|Any CPU
	EndGlobalSection
	GlobalSection(SolutionProperties) = preSolution
		HideSolutionNode = FALSE
	EndGlobalSection
	GlobalSection(ExtensibilityGlobals) = postSolution
		SolutionGuid = {7011D6E2-09BE-4DD0-8B68-AD9C162329F9}
	EndGlobalSection
EndGlobal
